
Microsoft Visual Studio Solution File, Format Version 12.00
# Visual Studio Version 17
VisualStudioVersion = 17.8.34330.188
MinimumVisualStudioVersion = 10.0.40219.1
Project("{FAE04EC0-301F-11D3-BF4B-00C04F79EFBC}") = "TicTacToe", "TicTacToe\TicTacToe.csproj", "{77E90F10-F4B8-4EA2-A847-38BD0A72F6A4}"
EndProject
Global
	GlobalSection(SolutionConfigurationPlatforms) = preSolution
		Debug|Any CPU = Debug|Any CPU
		Release|Any CPU = Release|Any CPU
	EndGlobalSection
	GlobalSection(ProjectConfigurationPlatforms) = postSolution
		{77E90F10-F4B8-4EA2-A847-38BD0A72F6A4}.Debug|Any CPU.ActiveCfg = Debug|Any CPU
		{77E90F10-F4B8-4EA2-A847-38BD0A72F6A4}.Debug|Any CPU.Build.0 = Debug|Any CPU
		{77E90F10-F4B8-4EA2-A847-38BD0A72F6A4}.Release|Any CPU.ActiveCfg = Release|Any CPU
		{77E90F10-F4B8-4EA2-A847-38BD0A72F6A4}.Release|Any CPU.Build.0 = Release|Any CPU
	EndGlobalSection
	GlobalSection(SolutionProperties) = preSolution
		HideSolutionNode = FALSE
	EndGlobalSection
	GlobalSection(ExtensibilityGlobals) = postSolution
		SolutionGuid = {12B50BA6-CDED-48F7-891A-50BC9776DE4A}
	EndGlobalSection
EndGlobal
